
Microsoft Visual Studio Solution File, Format Version 12.00
# Visual Studio 15
VisualStudioVersion = 15.0.27130.2024
MinimumVisualStudioVersion = 10.0.40219.1
Project("{FAE04EC0-301F-11D3-BF4B-00C04F79EFBC}") = "Sitecore.SharedSource.Responsive", "src\Sitecore.SharedSource.Responsive\Sitecore.SharedSource.Responsive.csproj", "{BEF333EE-54F2-4A31-A476-BB97C0254AA8}"
EndProject
Global
	GlobalSection(SolutionConfigurationPlatforms) = preSolution
		Debug|Any CPU = Debug|Any CPU
		Release|Any CPU = Release|Any CPU
	EndGlobalSection
	GlobalSection(ProjectConfigurationPlatforms) = postSolution
		{BEF333EE-54F2-4A31-A476-BB97C0254AA8}.Debug|Any CPU.ActiveCfg = Debug|Any CPU
		{BEF333EE-54F2-4A31-A476-BB97C0254AA8}.Debug|Any CPU.Build.0 = Debug|Any CPU
		{BEF333EE-54F2-4A31-A476-BB97C0254AA8}.Release|Any CPU.ActiveCfg = Release|Any CPU
		{BEF333EE-54F2-4A31-A476-BB97C0254AA8}.Release|Any CPU.Build.0 = Release|Any CPU
	EndGlobalSection
	GlobalSection(SolutionProperties) = preSolution
		HideSolutionNode = FALSE
	EndGlobalSection
	GlobalSection(ExtensibilityGlobals) = postSolution
		SolutionGuid = {443EF1F5-5865-4B10-AD1A-4EE4E1DA9F98}
	EndGlobalSection
EndGlobal
